// !$*UTF8*$!
{
	archiveVersion = 1;
	classes = {
	};
	objectVersion = 56;
	objects = {

/* Begin PBXBuildFile section */
		EEA95C552BA5930D0010ABB8 /* swiftcomponentsappApp.swift in Sources */ = {isa = PBXBuildFile; fileRef = EEA95C542BA5930D0010ABB8 /* swiftcomponentsappApp.swift */; };
		EEA95C572BA5930D0010ABB8 /* ContentView.swift in Sources */ = {isa = PBXBuildFile; fileRef = EEA95C562BA5930D0010ABB8 /* ContentView.swift */; };
		EEA95C592BA5930E0010ABB8 /* Assets.xcassets in Resources */ = {isa = PBXBuildFile; fileRef = EEA95C582BA5930E0010ABB8 /* Assets.xcassets */; };
		EEA95C5C2BA5930E0010ABB8 /* Preview Assets.xcassets in Resources */ = {isa = PBXBuildFile; fileRef = EEA95C5B2BA5930E0010ABB8 /* Preview Assets.xcassets */; };
		EEA95C722BA599950010ABB8 /* TextView.swift in Sources */ = {isa = PBXBuildFile; fileRef = EEA95C712BA599950010ABB8 /* TextView.swift */; };
		EEA95C7D2BA59C970010ABB8 /* LabelView.swift in Sources */ = {isa = PBXBuildFile; fileRef = EEA95C7C2BA59C970010ABB8 /* LabelView.swift */; };
		EEA95C7F2BA59CAE0010ABB8 /* TextFieldView.swift in Sources */ = {isa = PBXBuildFile; fileRef = EEA95C7E2BA59CAE0010ABB8 /* TextFieldView.swift */; };
		EEA95C852BA59F410010ABB8 /* ComponentsListView.swift in Sources */ = {isa = PBXBuildFile; fileRef = EEA95C842BA59F410010ABB8 /* ComponentsListView.swift */; };
		EEA95C872BA59F960010ABB8 /* ComponentsListViewModel.swift in Sources */ = {isa = PBXBuildFile; fileRef = EEA95C862BA59F960010ABB8 /* ComponentsListViewModel.swift */; };
		EEA95C8B2BA5A5420010ABB8 /* TextAreaView.swift in Sources */ = {isa = PBXBuildFile; fileRef = EEA95C8A2BA5A5420010ABB8 /* TextAreaView.swift */; };
		EEA95C8D2BA5A5880010ABB8 /* SecureFieldView.swift in Sources */ = {isa = PBXBuildFile; fileRef = EEA95C8C2BA5A5880010ABB8 /* SecureFieldView.swift */; };
		EEA95C8F2BA5A5EB0010ABB8 /* ImageView.swift in Sources */ = {isa = PBXBuildFile; fileRef = EEA95C8E2BA5A5EB0010ABB8 /* ImageView.swift */; };
		EEA95C912BA5A6A80010ABB8 /* ButtonView.swift in Sources */ = {isa = PBXBuildFile; fileRef = EEA95C902BA5A6A80010ABB8 /* ButtonView.swift */; };
		EEA95C932BA5A6BF0010ABB8 /* MenuView.swift in Sources */ = {isa = PBXBuildFile; fileRef = EEA95C922BA5A6BF0010ABB8 /* MenuView.swift */; };
		EEA95C952BA5A6CB0010ABB8 /* LinkView.swift in Sources */ = {isa = PBXBuildFile; fileRef = EEA95C942BA5A6CB0010ABB8 /* LinkView.swift */; };
		EEA95C972BA5A6D90010ABB8 /* SliderView.swift in Sources */ = {isa = PBXBuildFile; fileRef = EEA95C962BA5A6D90010ABB8 /* SliderView.swift */; };
		EEA95C992BA5A6E40010ABB8 /* StepperView.swift in Sources */ = {isa = PBXBuildFile; fileRef = EEA95C982BA5A6E40010ABB8 /* StepperView.swift */; };
		EEA95C9B2BA5A6F30010ABB8 /* ToggleView.swift in Sources */ = {isa = PBXBuildFile; fileRef = EEA95C9A2BA5A6F30010ABB8 /* ToggleView.swift */; };
		EEA95C9D2BA5A6FE0010ABB8 /* PickerView.swift in Sources */ = {isa = PBXBuildFile; fileRef = EEA95C9C2BA5A6FE0010ABB8 /* PickerView.swift */; };
		EEA95C9F2BA5A70C0010ABB8 /* DatePickerView.swift in Sources */ = {isa = PBXBuildFile; fileRef = EEA95C9E2BA5A70C0010ABB8 /* DatePickerView.swift */; };
		EEA95CA12BA5A71A0010ABB8 /* ColorPickerView.swift in Sources */ = {isa = PBXBuildFile; fileRef = EEA95CA02BA5A71A0010ABB8 /* ColorPickerView.swift */; };
		EEA95CA32BA5A7290010ABB8 /* ProgressView.swift in Sources */ = {isa = PBXBuildFile; fileRef = EEA95CA22BA5A7290010ABB8 /* ProgressView.swift */; };
		EEA95CA52BA5A8130010ABB8 /* Component.swift in Sources */ = {isa = PBXBuildFile; fileRef = EEA95CA42BA5A8130010ABB8 /* Component.swift */; };
		EEA95CA72BA5A90E0010ABB8 /* ComponentStore.swift in Sources */ = {isa = PBXBuildFile; fileRef = EEA95CA62BA5A90E0010ABB8 /* ComponentStore.swift */; };
		EEA95CA92BA5BB500010ABB8 /* HStackView.swift in Sources */ = {isa = PBXBuildFile; fileRef = EEA95CA82BA5BB500010ABB8 /* HStackView.swift */; };
		EEA95CAB2BA5BB620010ABB8 /* VStackView.swift in Sources */ = {isa = PBXBuildFile; fileRef = EEA95CAA2BA5BB620010ABB8 /* VStackView.swift */; };
		EEA95CAD2BA5BB700010ABB8 /* ZStackView.swift in Sources */ = {isa = PBXBuildFile; fileRef = EEA95CAC2BA5BB700010ABB8 /* ZStackView.swift */; };
		EEA95CAF2BA5BB7E0010ABB8 /* FormView.swift in Sources */ = {isa = PBXBuildFile; fileRef = EEA95CAE2BA5BB7E0010ABB8 /* FormView.swift */; };
		EEA95CB12BA5BB8F0010ABB8 /* NavigationView.swift in Sources */ = {isa = PBXBuildFile; fileRef = EEA95CB02BA5BB8F0010ABB8 /* NavigationView.swift */; };
		EEA95CB32BA5BBA40010ABB8 /* AlertView.swift in Sources */ = {isa = PBXBuildFile; fileRef = EEA95CB22BA5BBA40010ABB8 /* AlertView.swift */; };
		EEA95CB52BA5BBB00010ABB8 /* SheetsView.swift in Sources */ = {isa = PBXBuildFile; fileRef = EEA95CB42BA5BBB00010ABB8 /* SheetsView.swift */; };
		EEA95CB72BA5C0C20010ABB8 /* PlainView.swift in Sources */ = {isa = PBXBuildFile; fileRef = EEA95CB62BA5C0C20010ABB8 /* PlainView.swift */; };
		EEA95CB92BA5C0CE0010ABB8 /* InsetView.swift in Sources */ = {isa = PBXBuildFile; fileRef = EEA95CB82BA5C0CE0010ABB8 /* InsetView.swift */; };
		EEA95CBB2BA5C0DC0010ABB8 /* GroupedView.swift in Sources */ = {isa = PBXBuildFile; fileRef = EEA95CBA2BA5C0DC0010ABB8 /* GroupedView.swift */; };
		EEA95CBD2BA5C0EA0010ABB8 /* InsetGroupedView.swift in Sources */ = {isa = PBXBuildFile; fileRef = EEA95CBC2BA5C0EA0010ABB8 /* InsetGroupedView.swift */; };
		EEA95CBF2BA5C0F70010ABB8 /* SidebarView.swift in Sources */ = {isa = PBXBuildFile; fileRef = EEA95CBE2BA5C0F70010ABB8 /* SidebarView.swift */; };
		EEA95CC12BA5C5580010ABB8 /* ComponentsDetailView.swift in Sources */ = {isa = PBXBuildFile; fileRef = EEA95CC02BA5C5580010ABB8 /* ComponentsDetailView.swift */; };
		EEA95CC32BA5E02F0010ABB8 /* ComponentsRowView.swift in Sources */ = {isa = PBXBuildFile; fileRef = EEA95CC22BA5E02F0010ABB8 /* ComponentsRowView.swift */; };
/* End PBXBuildFile section */

/* Begin PBXFileReference section */
		EEA95C512BA5930D0010ABB8 /* swiftcomponentsapp.app */ = {isa = PBXFileReference; explicitFileType = wrapper.application; includeInIndex = 0; path = swiftcomponentsapp.app; sourceTree = BUILT_PRODUCTS_DIR; };
		EEA95C542BA5930D0010ABB8 /* swiftcomponentsappApp.swift */ = {isa = PBXFileReference; lastKnownFileType = sourcecode.swift; path = swiftcomponentsappApp.swift; sourceTree = "<group>"; };
		EEA95C562BA5930D0010ABB8 /* ContentView.swift */ = {isa = PBXFileReference; lastKnownFileType = sourcecode.swift; path = ContentView.swift; sourceTree = "<group>"; };
		EEA95C582BA5930E0010ABB8 /* Assets.xcassets */ = {isa = PBXFileReference; lastKnownFileType = folder.assetcatalog; path = Assets.xcassets; sourceTree = "<group>"; };
		EEA95C5B2BA5930E0010ABB8 /* Preview Assets.xcassets */ = {isa = PBXFileReference; lastKnownFileType = folder.assetcatalog; path = "Preview Assets.xcassets"; sourceTree = "<group>"; };
		EEA95C712BA599950010ABB8 /* TextView.swift */ = {isa = PBXFileReference; lastKnownFileType = sourcecode.swift; path = TextView.swift; sourceTree = "<group>"; };
		EEA95C7C2BA59C970010ABB8 /* LabelView.swift */ = {isa = PBXFileReference; lastKnownFileType = sourcecode.swift; path = LabelView.swift; sourceTree = "<group>"; };
		EEA95C7E2BA59CAE0010ABB8 /* TextFieldView.swift */ = {isa = PBXFileReference; lastKnownFileType = sourcecode.swift; path = TextFieldView.swift; sourceTree = "<group>"; };
		EEA95C842BA59F410010ABB8 /* ComponentsListView.swift */ = {isa = PBXFileReference; lastKnownFileType = sourcecode.swift; path = ComponentsListView.swift; sourceTree = "<group>"; };
		EEA95C862BA59F960010ABB8 /* ComponentsListViewModel.swift */ = {isa = PBXFileReference; lastKnownFileType = sourcecode.swift; path = ComponentsListViewModel.swift; sourceTree = "<group>"; };
		EEA95C8A2BA5A5420010ABB8 /* TextAreaView.swift */ = {isa = PBXFileReference; lastKnownFileType = sourcecode.swift; path = TextAreaView.swift; sourceTree = "<group>"; };
		EEA95C8C2BA5A5880010ABB8 /* SecureFieldView.swift */ = {isa = PBXFileReference; lastKnownFileType = sourcecode.swift; path = SecureFieldView.swift; sourceTree = "<group>"; };
		EEA95C8E2BA5A5EB0010ABB8 /* ImageView.swift */ = {isa = PBXFileReference; lastKnownFileType = sourcecode.swift; path = ImageView.swift; sourceTree = "<group>"; };
		EEA95C902BA5A6A80010ABB8 /* ButtonView.swift */ = {isa = PBXFileReference; lastKnownFileType = sourcecode.swift; path = ButtonView.swift; sourceTree = "<group>"; };
		EEA95C922BA5A6BF0010ABB8 /* MenuView.swift */ = {isa = PBXFileReference; lastKnownFileType = sourcecode.swift; path = MenuView.swift; sourceTree = "<group>"; };
		EEA95C942BA5A6CB0010ABB8 /* LinkView.swift */ = {isa = PBXFileReference; lastKnownFileType = sourcecode.swift; path = LinkView.swift; sourceTree = "<group>"; };
		EEA95C962BA5A6D90010ABB8 /* SliderView.swift */ = {isa = PBXFileReference; lastKnownFileType = sourcecode.swift; path = SliderView.swift; sourceTree = "<group>"; };
		EEA95C982BA5A6E40010ABB8 /* StepperView.swift */ = {isa = PBXFileReference; lastKnownFileType = sourcecode.swift; path = StepperView.swift; sourceTree = "<group>"; };
		EEA95C9A2BA5A6F30010ABB8 /* ToggleView.swift */ = {isa = PBXFileReference; lastKnownFileType = sourcecode.swift; path = ToggleView.swift; sourceTree = "<group>"; };
		EEA95C9C2BA5A6FE0010ABB8 /* PickerView.swift */ = {isa = PBXFileReference; lastKnownFileType = sourcecode.swift; path = PickerView.swift; sourceTree = "<group>"; };
		EEA95C9E2BA5A70C0010ABB8 /* DatePickerView.swift */ = {isa = PBXFileReference; lastKnownFileType = sourcecode.swift; path = DatePickerView.swift; sourceTree = "<group>"; };
		EEA95CA02BA5A71A0010ABB8 /* ColorPickerView.swift */ = {isa = PBXFileReference; lastKnownFileType = sourcecode.swift; path = ColorPickerView.swift; sourceTree = "<group>"; };
		EEA95CA22BA5A7290010ABB8 /* ProgressView.swift */ = {isa = PBXFileReference; lastKnownFileType = sourcecode.swift; path = ProgressView.swift; sourceTree = "<group>"; };
		EEA95CA42BA5A8130010ABB8 /* Component.swift */ = {isa = PBXFileReference; lastKnownFileType = sourcecode.swift; path = Component.swift; sourceTree = "<group>"; };
		EEA95CA62BA5A90E0010ABB8 /* ComponentStore.swift */ = {isa = PBXFileReference; lastKnownFileType = sourcecode.swift; path = ComponentStore.swift; sourceTree = "<group>"; };
		EEA95CA82BA5BB500010ABB8 /* HStackView.swift */ = {isa = PBXFileReference; lastKnownFileType = sourcecode.swift; path = HStackView.swift; sourceTree = "<group>"; };
		EEA95CAA2BA5BB620010ABB8 /* VStackView.swift */ = {isa = PBXFileReference; lastKnownFileType = sourcecode.swift; path = VStackView.swift; sourceTree = "<group>"; };
		EEA95CAC2BA5BB700010ABB8 /* ZStackView.swift */ = {isa = PBXFileReference; lastKnownFileType = sourcecode.swift; path = ZStackView.swift; sourceTree = "<group>"; };
		EEA95CAE2BA5BB7E0010ABB8 /* FormView.swift */ = {isa = PBXFileReference; lastKnownFileType = sourcecode.swift; path = FormView.swift; sourceTree = "<group>"; };
		EEA95CB02BA5BB8F0010ABB8 /* NavigationView.swift */ = {isa = PBXFileReference; lastKnownFileType = sourcecode.swift; path = NavigationView.swift; sourceTree = "<group>"; };
		EEA95CB22BA5BBA40010ABB8 /* AlertView.swift */ = {isa = PBXFileReference; lastKnownFileType = sourcecode.swift; path = AlertView.swift; sourceTree = "<group>"; };
		EEA95CB42BA5BBB00010ABB8 /* SheetsView.swift */ = {isa = PBXFileReference; lastKnownFileType = sourcecode.swift; path = SheetsView.swift; sourceTree = "<group>"; };
		EEA95CB62BA5C0C20010ABB8 /* PlainView.swift */ = {isa = PBXFileReference; lastKnownFileType = sourcecode.swift; path = PlainView.swift; sourceTree = "<group>"; };
		EEA95CB82BA5C0CE0010ABB8 /* InsetView.swift */ = {isa = PBXFileReference; lastKnownFileType = sourcecode.swift; path = InsetView.swift; sourceTree = "<group>"; };
		EEA95CBA2BA5C0DC0010ABB8 /* GroupedView.swift */ = {isa = PBXFileReference; lastKnownFileType = sourcecode.swift; path = GroupedView.swift; sourceTree = "<group>"; };
		EEA95CBC2BA5C0EA0010ABB8 /* InsetGroupedView.swift */ = {isa = PBXFileReference; lastKnownFileType = sourcecode.swift; path = InsetGroupedView.swift; sourceTree = "<group>"; };
		EEA95CBE2BA5C0F70010ABB8 /* SidebarView.swift */ = {isa = PBXFileReference; lastKnownFileType = sourcecode.swift; path = SidebarView.swift; sourceTree = "<group>"; };
		EEA95CC02BA5C5580010ABB8 /* ComponentsDetailView.swift */ = {isa = PBXFileReference; lastKnownFileType = sourcecode.swift; path = ComponentsDetailView.swift; sourceTree = "<group>"; };
		EEA95CC22BA5E02F0010ABB8 /* ComponentsRowView.swift */ = {isa = PBXFileReference; lastKnownFileType = sourcecode.swift; path = ComponentsRowView.swift; sourceTree = "<group>"; };
/* End PBXFileReference section */

/* Begin PBXFrameworksBuildPhase section */
		EEA95C4E2BA5930D0010ABB8 /* Frameworks */ = {
			isa = PBXFrameworksBuildPhase;
			buildActionMask = 2147483647;
			files = (
			);
			runOnlyForDeploymentPostprocessing = 0;
		};
/* End PBXFrameworksBuildPhase section */

/* Begin PBXGroup section */
		EEA95C482BA5930D0010ABB8 = {
			isa = PBXGroup;
			children = (
				EEA95C532BA5930D0010ABB8 /* swiftcomponentsapp */,
				EEA95C522BA5930D0010ABB8 /* Products */,
			);
			sourceTree = "<group>";
		};
		EEA95C522BA5930D0010ABB8 /* Products */ = {
			isa = PBXGroup;
			children = (
				EEA95C512BA5930D0010ABB8 /* swiftcomponentsapp.app */,
			);
			name = Products;
			sourceTree = "<group>";
		};
		EEA95C532BA5930D0010ABB8 /* swiftcomponentsapp */ = {
			isa = PBXGroup;
			children = (
				EEA95C772BA599C60010ABB8 /* Model */,
				EEA95C702BA599290010ABB8 /* Views */,
				EEA95C542BA5930D0010ABB8 /* swiftcomponentsappApp.swift */,
				EEA95C562BA5930D0010ABB8 /* ContentView.swift */,
				EEA95C862BA59F960010ABB8 /* ComponentsListViewModel.swift */,
				EEA95CC22BA5E02F0010ABB8 /* ComponentsRowView.swift */,
				EEA95C842BA59F410010ABB8 /* ComponentsListView.swift */,
				EEA95CC02BA5C5580010ABB8 /* ComponentsDetailView.swift */,
				EEA95C582BA5930E0010ABB8 /* Assets.xcassets */,
				EEA95C5A2BA5930E0010ABB8 /* Preview Content */,
			);
			path = swiftcomponentsapp;
			sourceTree = "<group>";
		};
		EEA95C5A2BA5930E0010ABB8 /* Preview Content */ = {
			isa = PBXGroup;
			children = (
				EEA95C5B2BA5930E0010ABB8 /* Preview Assets.xcassets */,
			);
			path = "Preview Content";
			sourceTree = "<group>";
		};
		EEA95C672BA597860010ABB8 /* Container Views */ = {
			isa = PBXGroup;
			children = (
				EEA95CA82BA5BB500010ABB8 /* HStackView.swift */,
				EEA95CAA2BA5BB620010ABB8 /* VStackView.swift */,
				EEA95CAC2BA5BB700010ABB8 /* ZStackView.swift */,
				EEA95CAE2BA5BB7E0010ABB8 /* FormView.swift */,
				EEA95CB02BA5BB8F0010ABB8 /* NavigationView.swift */,
				EEA95CB22BA5BBA40010ABB8 /* AlertView.swift */,
				EEA95CB42BA5BBB00010ABB8 /* SheetsView.swift */,
			);
			path = "Container Views";
			sourceTree = "<group>";
		};
		EEA95C682BA597A40010ABB8 /* List Views */ = {
			isa = PBXGroup;
			children = (
				EEA95CB62BA5C0C20010ABB8 /* PlainView.swift */,
				EEA95CB82BA5C0CE0010ABB8 /* InsetView.swift */,
				EEA95CBA2BA5C0DC0010ABB8 /* GroupedView.swift */,
				EEA95CBC2BA5C0EA0010ABB8 /* InsetGroupedView.swift */,
				EEA95CBE2BA5C0F70010ABB8 /* SidebarView.swift */,
			);
			path = "List Views";
			sourceTree = "<group>";
		};
		EEA95C692BA597B40010ABB8 /* Text Views */ = {
			isa = PBXGroup;
			children = (
				EEA95C712BA599950010ABB8 /* TextView.swift */,
				EEA95C7C2BA59C970010ABB8 /* LabelView.swift */,
				EEA95C7E2BA59CAE0010ABB8 /* TextFieldView.swift */,
				EEA95C8A2BA5A5420010ABB8 /* TextAreaView.swift */,
				EEA95C8C2BA5A5880010ABB8 /* SecureFieldView.swift */,
				EEA95C8E2BA5A5EB0010ABB8 /* ImageView.swift */,
			);
			path = "Text Views";
			sourceTree = "<group>";
		};
		EEA95C6A2BA597C00010ABB8 /* Control Views */ = {
			isa = PBXGroup;
			children = (
				EEA95C902BA5A6A80010ABB8 /* ButtonView.swift */,
				EEA95C922BA5A6BF0010ABB8 /* MenuView.swift */,
				EEA95C942BA5A6CB0010ABB8 /* LinkView.swift */,
				EEA95C962BA5A6D90010ABB8 /* SliderView.swift */,
				EEA95C982BA5A6E40010ABB8 /* StepperView.swift */,
				EEA95C9A2BA5A6F30010ABB8 /* ToggleView.swift */,
				EEA95C9C2BA5A6FE0010ABB8 /* PickerView.swift */,
				EEA95C9E2BA5A70C0010ABB8 /* DatePickerView.swift */,
				EEA95CA02BA5A71A0010ABB8 /* ColorPickerView.swift */,
				EEA95CA22BA5A7290010ABB8 /* ProgressView.swift */,
			);
			path = "Control Views";
			sourceTree = "<group>";
		};
		EEA95C702BA599290010ABB8 /* Views */ = {
			isa = PBXGroup;
			children = (
				EEA95C672BA597860010ABB8 /* Container Views */,
				EEA95C682BA597A40010ABB8 /* List Views */,
				EEA95C692BA597B40010ABB8 /* Text Views */,
				EEA95C6A2BA597C00010ABB8 /* Control Views */,
			);
			path = Views;
			sourceTree = "<group>";
		};
		EEA95C772BA599C60010ABB8 /* Model */ = {
			isa = PBXGroup;
			children = (
				EEA95CA42BA5A8130010ABB8 /* Component.swift */,
				EEA95CA62BA5A90E0010ABB8 /* ComponentStore.swift */,
			);
			path = Model;
			sourceTree = "<group>";
		};
/* End PBXGroup section */

/* Begin PBXNativeTarget section */
		EEA95C502BA5930D0010ABB8 /* swiftcomponentsapp */ = {
			isa = PBXNativeTarget;
			buildConfigurationList = EEA95C5F2BA5930E0010ABB8 /* Build configuration list for PBXNativeTarget "swiftcomponentsapp" */;
			buildPhases = (
				EEA95C4D2BA5930D0010ABB8 /* Sources */,
				EEA95C4E2BA5930D0010ABB8 /* Frameworks */,
				EEA95C4F2BA5930D0010ABB8 /* Resources */,
			);
			buildRules = (
			);
			dependencies = (
			);
			name = swiftcomponentsapp;
			productName = swiftcomponentsapp;
			productReference = EEA95C512BA5930D0010ABB8 /* swiftcomponentsapp.app */;
			productType = "com.apple.product-type.application";
		};
/* End PBXNativeTarget section */

/* Begin PBXProject section */
		EEA95C492BA5930D0010ABB8 /* Project object */ = {
			isa = PBXProject;
			attributes = {
				BuildIndependentTargetsInParallel = 1;
				LastSwiftUpdateCheck = 1530;
				LastUpgradeCheck = 1530;
				TargetAttributes = {
					EEA95C502BA5930D0010ABB8 = {
						CreatedOnToolsVersion = 15.3;
					};
				};
			};
			buildConfigurationList = EEA95C4C2BA5930D0010ABB8 /* Build configuration list for PBXProject "swiftcomponentsapp" */;
			compatibilityVersion = "Xcode 14.0";
			developmentRegion = en;
			hasScannedForEncodings = 0;
			knownRegions = (
				en,
				Base,
			);
			mainGroup = EEA95C482BA5930D0010ABB8;
			productRefGroup = EEA95C522BA5930D0010ABB8 /* Products */;
			projectDirPath = "";
			projectRoot = "";
			targets = (
				EEA95C502BA5930D0010ABB8 /* swiftcomponentsapp */,
			);
		};
/* End PBXProject section */

/* Begin PBXResourcesBuildPhase section */
		EEA95C4F2BA5930D0010ABB8 /* Resources */ = {
			isa = PBXResourcesBuildPhase;
			buildActionMask = 2147483647;
			files = (
				EEA95C5C2BA5930E0010ABB8 /* Preview Assets.xcassets in Resources */,
				EEA95C592BA5930E0010ABB8 /* Assets.xcassets in Resources */,
			);
			runOnlyForDeploymentPostprocessing = 0;
		};
/* End PBXResourcesBuildPhase section */

/* Begin PBXSourcesBuildPhase section */
		EEA95C4D2BA5930D0010ABB8 /* Sources */ = {
			isa = PBXSourcesBuildPhase;
			buildActionMask = 2147483647;
			files = (
				EEA95CC12BA5C5580010ABB8 /* ComponentsDetailView.swift in Sources */,
				EEA95C872BA59F960010ABB8 /* ComponentsListViewModel.swift in Sources */,
				EEA95C722BA599950010ABB8 /* TextView.swift in Sources */,
				EEA95CC32BA5E02F0010ABB8 /* ComponentsRowView.swift in Sources */,
				EEA95C8B2BA5A5420010ABB8 /* TextAreaView.swift in Sources */,
				EEA95CB72BA5C0C20010ABB8 /* PlainView.swift in Sources */,
				EEA95CBD2BA5C0EA0010ABB8 /* InsetGroupedView.swift in Sources */,
				EEA95C7D2BA59C970010ABB8 /* LabelView.swift in Sources */,
				EEA95CA92BA5BB500010ABB8 /* HStackView.swift in Sources */,
				EEA95C952BA5A6CB0010ABB8 /* LinkView.swift in Sources */,
				EEA95C8F2BA5A5EB0010ABB8 /* ImageView.swift in Sources */,
				EEA95C9F2BA5A70C0010ABB8 /* DatePickerView.swift in Sources */,
				EEA95CAB2BA5BB620010ABB8 /* VStackView.swift in Sources */,
				EEA95C912BA5A6A80010ABB8 /* ButtonView.swift in Sources */,
				EEA95C932BA5A6BF0010ABB8 /* MenuView.swift in Sources */,
				EEA95C972BA5A6D90010ABB8 /* SliderView.swift in Sources */,
				EEA95C992BA5A6E40010ABB8 /* StepperView.swift in Sources */,
				EEA95CB12BA5BB8F0010ABB8 /* NavigationView.swift in Sources */,
				EEA95CB92BA5C0CE0010ABB8 /* InsetView.swift in Sources */,
				EEA95C9D2BA5A6FE0010ABB8 /* PickerView.swift in Sources */,
				EEA95C572BA5930D0010ABB8 /* ContentView.swift in Sources */,
				EEA95C8D2BA5A5880010ABB8 /* SecureFieldView.swift in Sources */,
				EEA95C7F2BA59CAE0010ABB8 /* TextFieldView.swift in Sources */,
				EEA95CA52BA5A8130010ABB8 /* Component.swift in Sources */,
				EEA95CB52BA5BBB00010ABB8 /* SheetsView.swift in Sources */,
				EEA95CA12BA5A71A0010ABB8 /* ColorPickerView.swift in Sources */,
				EEA95C852BA59F410010ABB8 /* ComponentsListView.swift in Sources */,
				EEA95C9B2BA5A6F30010ABB8 /* ToggleView.swift in Sources */,
				EEA95C552BA5930D0010ABB8 /* swiftcomponentsappApp.swift in Sources */,
				EEA95CA32BA5A7290010ABB8 /* ProgressView.swift in Sources */,
				EEA95CAF2BA5BB7E0010ABB8 /* FormView.swift in Sources */,
				EEA95CB32BA5BBA40010ABB8 /* AlertView.swift in Sources */,
				EEA95CBB2BA5C0DC0010ABB8 /* GroupedView.swift in Sources */,
				EEA95CBF2BA5C0F70010ABB8 /* SidebarView.swift in Sources */,
				EEA95CAD2BA5BB700010ABB8 /* ZStackView.swift in Sources */,
				EEA95CA72BA5A90E0010ABB8 /* ComponentStore.swift in Sources */,
			);
			runOnlyForDeploymentPostprocessing = 0;
		};
/* End PBXSourcesBuildPhase section */

/* Begin XCBuildConfiguration section */
		EEA95C5D2BA5930E0010ABB8 /* Debug */ = {
			isa = XCBuildConfiguration;
			buildSettings = {
				ALWAYS_SEARCH_USER_PATHS = NO;
				ASSETCATALOG_COMPILER_GENERATE_SWIFT_ASSET_SYMBOL_EXTENSIONS = YES;
				CLANG_ANALYZER_NONNULL = YES;
				CLANG_ANALYZER_NUMBER_OBJECT_CONVERSION = YES_AGGRESSIVE;
				CLANG_CXX_LANGUAGE_STANDARD = "gnu++20";
				CLANG_ENABLE_MODULES = YES;
				CLANG_ENABLE_OBJC_ARC = YES;
				CLANG_ENABLE_OBJC_WEAK = YES;
				CLANG_WARN_BLOCK_CAPTURE_AUTORELEASING = YES;
				CLANG_WARN_BOOL_CONVERSION = YES;
				CLANG_WARN_COMMA = YES;
				CLANG_WARN_CONSTANT_CONVERSION = YES;
				CLANG_WARN_DEPRECATED_OBJC_IMPLEMENTATIONS = YES;
				CLANG_WARN_DIRECT_OBJC_ISA_USAGE = YES_ERROR;
				CLANG_WARN_DOCUMENTATION_COMMENTS = YES;
				CLANG_WARN_EMPTY_BODY = YES;
				CLANG_WARN_ENUM_CONVERSION = YES;
				CLANG_WARN_INFINITE_RECURSION = YES;
				CLANG_WARN_INT_CONVERSION = YES;
				CLANG_WARN_NON_LITERAL_NULL_CONVERSION = YES;
				CLANG_WARN_OBJC_IMPLICIT_RETAIN_SELF = YES;
				CLANG_WARN_OBJC_LITERAL_CONVERSION = YES;
				CLANG_WARN_OBJC_ROOT_CLASS = YES_ERROR;
				CLANG_WARN_QUOTED_INCLUDE_IN_FRAMEWORK_HEADER = YES;
				CLANG_WARN_RANGE_LOOP_ANALYSIS = YES;
				CLANG_WARN_STRICT_PROTOTYPES = YES;
				CLANG_WARN_SUSPICIOUS_MOVE = YES;
				CLANG_WARN_UNGUARDED_AVAILABILITY = YES_AGGRESSIVE;
				CLANG_WARN_UNREACHABLE_CODE = YES;
				CLANG_WARN__DUPLICATE_METHOD_MATCH = YES;
				COPY_PHASE_STRIP = NO;
				DEBUG_INFORMATION_FORMAT = dwarf;
				ENABLE_STRICT_OBJC_MSGSEND = YES;
				ENABLE_TESTABILITY = YES;
				ENABLE_USER_SCRIPT_SANDBOXING = YES;
				GCC_C_LANGUAGE_STANDARD = gnu17;
				GCC_DYNAMIC_NO_PIC = NO;
				GCC_NO_COMMON_BLOCKS = YES;
				GCC_OPTIMIZATION_LEVEL = 0;
				GCC_PREPROCESSOR_DEFINITIONS = (
					"DEBUG=1",
					"$(inherited)",
				);
				GCC_WARN_64_TO_32_BIT_CONVERSION = YES;
				GCC_WARN_ABOUT_RETURN_TYPE = YES_ERROR;
				GCC_WARN_UNDECLARED_SELECTOR = YES;
				GCC_WARN_UNINITIALIZED_AUTOS = YES_AGGRESSIVE;
				GCC_WARN_UNUSED_FUNCTION = YES;
				GCC_WARN_UNUSED_VARIABLE = YES;
				IPHONEOS_DEPLOYMENT_TARGET = 17.4;
				LOCALIZATION_PREFERS_STRING_CATALOGS = YES;
				MTL_ENABLE_DEBUG_INFO = INCLUDE_SOURCE;
				MTL_FAST_MATH = YES;
				ONLY_ACTIVE_ARCH = YES;
				SDKROOT = iphoneos;
				SWIFT_ACTIVE_COMPILATION_CONDITIONS = "DEBUG $(inherited)";
				SWIFT_OPTIMIZATION_LEVEL = "-Onone";
			};
			name = Debug;
		};
		EEA95C5E2BA5930E0010ABB8 /* Release */ = {
			isa = XCBuildConfiguration;
			buildSettings = {
				ALWAYS_SEARCH_USER_PATHS = NO;
				ASSETCATALOG_COMPILER_GENERATE_SWIFT_ASSET_SYMBOL_EXTENSIONS = YES;
				CLANG_ANALYZER_NONNULL = YES;
				CLANG_ANALYZER_NUMBER_OBJECT_CONVERSION = YES_AGGRESSIVE;
				CLANG_CXX_LANGUAGE_STANDARD = "gnu++20";
				CLANG_ENABLE_MODULES = YES;
				CLANG_ENABLE_OBJC_ARC = YES;
				CLANG_ENABLE_OBJC_WEAK = YES;
				CLANG_WARN_BLOCK_CAPTURE_AUTORELEASING = YES;
				CLANG_WARN_BOOL_CONVERSION = YES;
				CLANG_WARN_COMMA = YES;
				CLANG_WARN_CONSTANT_CONVERSION = YES;
				CLANG_WARN_DEPRECATED_OBJC_IMPLEMENTATIONS = YES;
				CLANG_WARN_DIRECT_OBJC_ISA_USAGE = YES_ERROR;
				CLANG_WARN_DOCUMENTATION_COMMENTS = YES;
				CLANG_WARN_EMPTY_BODY = YES;
				CLANG_WARN_ENUM_CONVERSION = YES;
				CLANG_WARN_INFINITE_RECURSION = YES;
				CLANG_WARN_INT_CONVERSION = YES;
				CLANG_WARN_NON_LITERAL_NULL_CONVERSION = YES;
				CLANG_WARN_OBJC_IMPLICIT_RETAIN_SELF = YES;
				CLANG_WARN_OBJC_LITERAL_CONVERSION = YES;
				CLANG_WARN_OBJC_ROOT_CLASS = YES_ERROR;
				CLANG_WARN_QUOTED_INCLUDE_IN_FRAMEWORK_HEADER = YES;
				CLANG_WARN_RANGE_LOOP_ANALYSIS = YES;
				CLANG_WARN_STRICT_PROTOTYPES = YES;
				CLANG_WARN_SUSPICIOUS_MOVE = YES;
				CLANG_WARN_UNGUARDED_AVAILABILITY = YES_AGGRESSIVE;
				CLANG_WARN_UNREACHABLE_CODE = YES;
				CLANG_WARN__DUPLICATE_METHOD_MATCH = YES;
				COPY_PHASE_STRIP = NO;
				DEBUG_INFORMATION_FORMAT = "dwarf-with-dsym";
				ENABLE_NS_ASSERTIONS = NO;
				ENABLE_STRICT_OBJC_MSGSEND = YES;
				ENABLE_USER_SCRIPT_SANDBOXING = YES;
				GCC_C_LANGUAGE_STANDARD = gnu17;
				GCC_NO_COMMON_BLOCKS = YES;
				GCC_WARN_64_TO_32_BIT_CONVERSION = YES;
				GCC_WARN_ABOUT_RETURN_TYPE = YES_ERROR;
				GCC_WARN_UNDECLARED_SELECTOR = YES;
				GCC_WARN_UNINITIALIZED_AUTOS = YES_AGGRESSIVE;
				GCC_WARN_UNUSED_FUNCTION = YES;
				GCC_WARN_UNUSED_VARIABLE = YES;
				IPHONEOS_DEPLOYMENT_TARGET = 17.4;
				LOCALIZATION_PREFERS_STRING_CATALOGS = YES;
				MTL_ENABLE_DEBUG_INFO = NO;
				MTL_FAST_MATH = YES;
				SDKROOT = iphoneos;
				SWIFT_COMPILATION_MODE = wholemodule;
				VALIDATE_PRODUCT = YES;
			};
			name = Release;
		};
		EEA95C602BA5930E0010ABB8 /* Debug */ = {
			isa = XCBuildConfiguration;
			buildSettings = {
				ASSETCATALOG_COMPILER_APPICON_NAME = AppIcon;
				ASSETCATALOG_COMPILER_GLOBAL_ACCENT_COLOR_NAME = AccentColor;
				CODE_SIGN_STYLE = Automatic;
				CURRENT_PROJECT_VERSION = 1;
				DEVELOPMENT_ASSET_PATHS = "\"swiftcomponentsapp/Preview Content\"";
				DEVELOPMENT_TEAM = G6LWKA442D;
				ENABLE_PREVIEWS = YES;
				GENERATE_INFOPLIST_FILE = YES;
				INFOPLIST_KEY_UIApplicationSceneManifest_Generation = YES;
				INFOPLIST_KEY_UIApplicationSupportsIndirectInputEvents = YES;
				INFOPLIST_KEY_UILaunchScreen_Generation = YES;
				INFOPLIST_KEY_UISupportedInterfaceOrientations_iPad = "UIInterfaceOrientationPortrait UIInterfaceOrientationPortraitUpsideDown UIInterfaceOrientationLandscapeLeft UIInterfaceOrientationLandscapeRight";
				INFOPLIST_KEY_UISupportedInterfaceOrientations_iPhone = "UIInterfaceOrientationPortrait UIInterfaceOrientationLandscapeLeft UIInterfaceOrientationLandscapeRight";
				LD_RUNPATH_SEARCH_PATHS = (
					"$(inherited)",
					"@executable_path/Frameworks",
				);
				MARKETING_VERSION = 1.0;
				PRODUCT_BUNDLE_IDENTIFIER = com.example.matthew.swiftcomponentsapp;
				PRODUCT_NAME = "$(TARGET_NAME)";
				SWIFT_EMIT_LOC_STRINGS = YES;
				SWIFT_VERSION = 5.0;
				TARGETED_DEVICE_FAMILY = "1,2";
			};
			name = Debug;
		};
		EEA95C612BA5930E0010ABB8 /* Release */ = {
			isa = XCBuildConfiguration;
			buildSettings = {
				ASSETCATALOG_COMPILER_APPICON_NAME = AppIcon;
				ASSETCATALOG_COMPILER_GLOBAL_ACCENT_COLOR_NAME = AccentColor;
				CODE_SIGN_STYLE = Automatic;
				CURRENT_PROJECT_VERSION = 1;
				DEVELOPMENT_ASSET_PATHS = "\"swiftcomponentsapp/Preview Content\"";
				DEVELOPMENT_TEAM = G6LWKA442D;
				ENABLE_PREVIEWS = YES;
				GENERATE_INFOPLIST_FILE = YES;
				INFOPLIST_KEY_UIApplicationSceneManifest_Generation = YES;
				INFOPLIST_KEY_UIApplicationSupportsIndirectInputEvents = YES;
				INFOPLIST_KEY_UILaunchScreen_Generation = YES;
				INFOPLIST_KEY_UISupportedInterfaceOrientations_iPad = "UIInterfaceOrientationPortrait UIInterfaceOrientationPortraitUpsideDown UIInterfaceOrientationLandscapeLeft UIInterfaceOrientationLandscapeRight";
				INFOPLIST_KEY_UISupportedInterfaceOrientations_iPhone = "UIInterfaceOrientationPortrait UIInterfaceOrientationLandscapeLeft UIInterfaceOrientationLandscapeRight";
				LD_RUNPATH_SEARCH_PATHS = (
					"$(inherited)",
					"@executable_path/Frameworks",
				);
				MARKETING_VERSION = 1.0;
				PRODUCT_BUNDLE_IDENTIFIER = com.example.matthew.swiftcomponentsapp;
				PRODUCT_NAME = "$(TARGET_NAME)";
				SWIFT_EMIT_LOC_STRINGS = YES;
				SWIFT_VERSION = 5.0;
				TARGETED_DEVICE_FAMILY = "1,2";
			};
			name = Release;
		};
/* End XCBuildConfiguration section */

/* Begin XCConfigurationList section */
		EEA95C4C2BA5930D0010ABB8 /* Build configuration list for PBXProject "swiftcomponentsapp" */ = {
			isa = XCConfigurationList;
			buildConfigurations = (
				EEA95C5D2BA5930E0010ABB8 /* Debug */,
				EEA95C5E2BA5930E0010ABB8 /* Release */,
			);
			defaultConfigurationIsVisible = 0;
			defaultConfigurationName = Release;
		};
		EEA95C5F2BA5930E0010ABB8 /* Build configuration list for PBXNativeTarget "swiftcomponentsapp" */ = {
			isa = XCConfigurationList;
			buildConfigurations = (
				EEA95C602BA5930E0010ABB8 /* Debug */,
				EEA95C612BA5930E0010ABB8 /* Release */,
			);
			defaultConfigurationIsVisible = 0;
			defaultConfigurationName = Release;
		};
/* End XCConfigurationList section */
	};
	rootObject = EEA95C492BA5930D0010ABB8 /* Project object */;
}
